
Microsoft Visual Studio Solution File, Format Version 12.00
# Visual Studio Version 16
VisualStudioVersion = 16.0.28803.916
MinimumVisualStudioVersion = 10.0.40219.1
Project("{FAE04EC0-301F-11D3-BF4B-00C04F79EFBC}") = "Calcular area do projeto", "Calcular area do projeto.csproj", "{11E21089-B58E-42E1-B878-C46F8DBBB9D1}"
EndProject
Global
	GlobalSection(SolutionConfigurationPlatforms) = preSolution
		Debug|Any CPU = Debug|Any CPU
		Release|Any CPU = Release|Any CPU
	EndGlobalSection
	GlobalSection(ProjectConfigurationPlatforms) = postSolution
		{11E21089-B58E-42E1-B878-C46F8DBBB9D1}.Debug|Any CPU.ActiveCfg = Debug|Any CPU
		{11E21089-B58E-42E1-B878-C46F8DBBB9D1}.Debug|Any CPU.Build.0 = Debug|Any CPU
		{11E21089-B58E-42E1-B878-C46F8DBBB9D1}.Release|Any CPU.ActiveCfg = Release|Any CPU
		{11E21089-B58E-42E1-B878-C46F8DBBB9D1}.Release|Any CPU.Build.0 = Release|Any CPU
	EndGlobalSection
	GlobalSection(SolutionProperties) = preSolution
		HideSolutionNode = FALSE
	EndGlobalSection
	GlobalSection(ExtensibilityGlobals) = postSolution
		SolutionGuid = {A9563248-EF93-4876-B342-CE76310F96AE}
	EndGlobalSection
EndGlobal
